// !$*UTF8*$!
{
	archiveVersion = 1;
	classes = {
	};
	objectVersion = 46;
	objects = {

/* Begin PBXBuildFile section */
		0813D43E1A6D57B8001C4E21 /* AppDelegate.m in Sources */ = {isa = PBXBuildFile; fileRef = 0813D43D1A6D57B8001C4E21 /* AppDelegate.m */; };
		0813D4401A6D57B8001C4E21 /* main.m in Sources */ = {isa = PBXBuildFile; fileRef = 0813D43F1A6D57B8001C4E21 /* main.m */; };
		0813D4451A6D57B8001C4E21 /* Images.xcassets in Resources */ = {isa = PBXBuildFile; fileRef = 0813D4441A6D57B8001C4E21 /* Images.xcassets */; };
		0813D4481A6D57B8001C4E21 /* Main.storyboard in Resources */ = {isa = PBXBuildFile; fileRef = 0813D4461A6D57B8001C4E21 /* Main.storyboard */; };
		0813D4621A6D6943001C4E21 /* SHAConstants.m in Sources */ = {isa = PBXBuildFile; fileRef = 0813D4611A6D6943001C4E21 /* SHAConstants.m */; };
		0813D4651A6D6CB9001C4E21 /* SHANestOperations.m in Sources */ = {isa = PBXBuildFile; fileRef = 0813D4641A6D6CB9001C4E21 /* SHANestOperations.m */; };
		0813D4721A6D7D21001C4E21 /* Firebase.framework in Frameworks */ = {isa = PBXBuildFile; fileRef = 0813D46E1A6D7D21001C4E21 /* Firebase.framework */; };
		0813D4751A6D7D48001C4E21 /* FirebaseManager.m in Sources */ = {isa = PBXBuildFile; fileRef = 0813D4741A6D7D48001C4E21 /* FirebaseManager.m */; };
		0813D4781A6D7EB1001C4E21 /* CFNetwork.framework in Frameworks */ = {isa = PBXBuildFile; fileRef = 0813D4771A6D7EB1001C4E21 /* CFNetwork.framework */; };
		0813D47A1A6D7EDB001C4E21 /* libc++.dylib in Frameworks */ = {isa = PBXBuildFile; fileRef = 0813D4791A6D7EDB001C4E21 /* libc++.dylib */; };
		0813D47E1A6D7EF9001C4E21 /* SystemConfiguration.framework in Frameworks */ = {isa = PBXBuildFile; fileRef = 0813D47D1A6D7EF9001C4E21 /* SystemConfiguration.framework */; };
		0813D4851A6D800F001C4E21 /* libicucore.dylib in Frameworks */ = {isa = PBXBuildFile; fileRef = 0813D4841A6D800F001C4E21 /* libicucore.dylib */; };
		0813D4891A6D8E07001C4E21 /* Structure.m in Sources */ = {isa = PBXBuildFile; fileRef = 0813D4881A6D8E07001C4E21 /* Structure.m */; };
		0813D48C1A6DD9D3001C4E21 /* SHAUsageStatus.m in Sources */ = {isa = PBXBuildFile; fileRef = 0813D48B1A6DD9D3001C4E21 /* SHAUsageStatus.m */; };
		0813D48F1A70521F001C4E21 /* SHANotificationManager.m in Sources */ = {isa = PBXBuildFile; fileRef = 0813D48E1A70521F001C4E21 /* SHANotificationManager.m */; };
		0813D4921A706543001C4E21 /* houseMenu@2x.png in Resources */ = {isa = PBXBuildFile; fileRef = 0813D4901A706542001C4E21 /* houseMenu@2x.png */; };
		0813D4931A706543001C4E21 /* houseMenu.png in Resources */ = {isa = PBXBuildFile; fileRef = 0813D4911A706543001C4E21 /* houseMenu.png */; };
		0813D4961A7068A8001C4E21 /* NestStructureManager.m in Sources */ = {isa = PBXBuildFile; fileRef = 0813D4941A7068A8001C4E21 /* NestStructureManager.m */; };
/* End PBXBuildFile section */

/* Begin PBXFileReference section */
		0813D4371A6D57B8001C4E21 /* Still Here.app */ = {isa = PBXFileReference; explicitFileType = wrapper.application; includeInIndex = 0; path = "Still Here.app"; sourceTree = BUILT_PRODUCTS_DIR; };
		0813D43B1A6D57B8001C4E21 /* Info.plist */ = {isa = PBXFileReference; lastKnownFileType = text.plist.xml; path = Info.plist; sourceTree = "<group>"; };
		0813D43C1A6D57B8001C4E21 /* AppDelegate.h */ = {isa = PBXFileReference; lastKnownFileType = sourcecode.c.h; path = AppDelegate.h; sourceTree = "<group>"; };
		0813D43D1A6D57B8001C4E21 /* AppDelegate.m */ = {isa = PBXFileReference; lastKnownFileType = sourcecode.c.objc; path = AppDelegate.m; sourceTree = "<group>"; };
		0813D43F1A6D57B8001C4E21 /* main.m */ = {isa = PBXFileReference; lastKnownFileType = sourcecode.c.objc; path = main.m; sourceTree = "<group>"; };
		0813D4441A6D57B8001C4E21 /* Images.xcassets */ = {isa = PBXFileReference; lastKnownFileType = folder.assetcatalog; path = Images.xcassets; sourceTree = "<group>"; };
		0813D4471A6D57B8001C4E21 /* Base */ = {isa = PBXFileReference; lastKnownFileType = file.storyboard; name = Base; path = Base.lproj/Main.storyboard; sourceTree = "<group>"; };
		0813D4601A6D6943001C4E21 /* SHAConstants.h */ = {isa = PBXFileReference; fileEncoding = 4; lastKnownFileType = sourcecode.c.h; path = SHAConstants.h; sourceTree = "<group>"; };
		0813D4611A6D6943001C4E21 /* SHAConstants.m */ = {isa = PBXFileReference; fileEncoding = 4; lastKnownFileType = sourcecode.c.objc; path = SHAConstants.m; sourceTree = "<group>"; };
		0813D4631A6D6CB9001C4E21 /* SHANestOperations.h */ = {isa = PBXFileReference; fileEncoding = 4; lastKnownFileType = sourcecode.c.h; path = SHANestOperations.h; sourceTree = "<group>"; };
		0813D4641A6D6CB9001C4E21 /* SHANestOperations.m */ = {isa = PBXFileReference; fileEncoding = 4; lastKnownFileType = sourcecode.c.objc; path = SHANestOperations.m; sourceTree = "<group>"; };
		0813D46E1A6D7D21001C4E21 /* Firebase.framework */ = {isa = PBXFileReference; lastKnownFileType = wrapper.framework; name = Firebase.framework; path = vendor/NestDK/third_party/Firebase.framework; sourceTree = "<group>"; };
		0813D4731A6D7D48001C4E21 /* FirebaseManager.h */ = {isa = PBXFileReference; fileEncoding = 4; lastKnownFileType = sourcecode.c.h; name = FirebaseManager.h; path = "vendor/NestDK/iOS-NestDK/FirebaseManager.h"; sourceTree = "<group>"; };
		0813D4741A6D7D48001C4E21 /* FirebaseManager.m */ = {isa = PBXFileReference; fileEncoding = 4; lastKnownFileType = sourcecode.c.objc; name = FirebaseManager.m; path = "vendor/NestDK/iOS-NestDK/FirebaseManager.m"; sourceTree = "<group>"; };
		0813D4761A6D7DA8001C4E21 /* PrefixHeader.pch */ = {isa = PBXFileReference; lastKnownFileType = sourcecode.c.h; path = PrefixHeader.pch; sourceTree = "<group>"; };
		0813D4771A6D7EB1001C4E21 /* CFNetwork.framework */ = {isa = PBXFileReference; lastKnownFileType = wrapper.framework; name = CFNetwork.framework; path = System/Library/Frameworks/CFNetwork.framework; sourceTree = SDKROOT; };
		0813D4791A6D7EDB001C4E21 /* libc++.dylib */ = {isa = PBXFileReference; lastKnownFileType = "compiled.mach-o.dylib"; name = "libc++.dylib"; path = "usr/lib/libc++.dylib"; sourceTree = SDKROOT; };
		0813D47D1A6D7EF9001C4E21 /* SystemConfiguration.framework */ = {isa = PBXFileReference; lastKnownFileType = wrapper.framework; name = SystemConfiguration.framework; path = System/Library/Frameworks/SystemConfiguration.framework; sourceTree = SDKROOT; };
		0813D4841A6D800F001C4E21 /* libicucore.dylib */ = {isa = PBXFileReference; lastKnownFileType = "compiled.mach-o.dylib"; name = libicucore.dylib; path = usr/lib/libicucore.dylib; sourceTree = SDKROOT; };
		0813D4871A6D8E07001C4E21 /* Structure.h */ = {isa = PBXFileReference; fileEncoding = 4; lastKnownFileType = sourcecode.c.h; name = Structure.h; path = ../Structure.h; sourceTree = "<group>"; };
		0813D4881A6D8E07001C4E21 /* Structure.m */ = {isa = PBXFileReference; fileEncoding = 4; lastKnownFileType = sourcecode.c.objc; name = Structure.m; path = ../Structure.m; sourceTree = "<group>"; };
		0813D48A1A6DD9D3001C4E21 /* SHAUsageStatus.h */ = {isa = PBXFileReference; fileEncoding = 4; lastKnownFileType = sourcecode.c.h; path = SHAUsageStatus.h; sourceTree = "<group>"; };
		0813D48B1A6DD9D3001C4E21 /* SHAUsageStatus.m */ = {isa = PBXFileReference; fileEncoding = 4; lastKnownFileType = sourcecode.c.objc; path = SHAUsageStatus.m; sourceTree = "<group>"; };
		0813D48D1A70521F001C4E21 /* SHANotificationManager.h */ = {isa = PBXFileReference; fileEncoding = 4; lastKnownFileType = sourcecode.c.h; path = SHANotificationManager.h; sourceTree = "<group>"; };
		0813D48E1A70521F001C4E21 /* SHANotificationManager.m */ = {isa = PBXFileReference; fileEncoding = 4; lastKnownFileType = sourcecode.c.objc; path = SHANotificationManager.m; sourceTree = "<group>"; };
		0813D4901A706542001C4E21 /* houseMenu@2x.png */ = {isa = PBXFileReference; lastKnownFileType = image.png; path = "houseMenu@2x.png"; sourceTree = "<group>"; };
		0813D4911A706543001C4E21 /* houseMenu.png */ = {isa = PBXFileReference; lastKnownFileType = image.png; path = houseMenu.png; sourceTree = "<group>"; };
		0813D4941A7068A8001C4E21 /* NestStructureManager.m */ = {isa = PBXFileReference; fileEncoding = 4; lastKnownFileType = sourcecode.c.objc; path = NestStructureManager.m; sourceTree = "<group>"; };
		0813D4951A7068A8001C4E21 /* NestStructureManager.h */ = {isa = PBXFileReference; fileEncoding = 4; lastKnownFileType = sourcecode.c.h; path = NestStructureManager.h; sourceTree = "<group>"; };
/* End PBXFileReference section */

/* Begin PBXFrameworksBuildPhase section */
		0813D4341A6D57B8001C4E21 /* Frameworks */ = {
			isa = PBXFrameworksBuildPhase;
			buildActionMask = 2147483647;
			files = (
				0813D4851A6D800F001C4E21 /* libicucore.dylib in Frameworks */,
				0813D47E1A6D7EF9001C4E21 /* SystemConfiguration.framework in Frameworks */,
				0813D47A1A6D7EDB001C4E21 /* libc++.dylib in Frameworks */,
				0813D4781A6D7EB1001C4E21 /* CFNetwork.framework in Frameworks */,
				0813D4721A6D7D21001C4E21 /* Firebase.framework in Frameworks */,
			);
			runOnlyForDeploymentPostprocessing = 0;
		};
/* End PBXFrameworksBuildPhase section */

/* Begin PBXGroup section */
		0813D42E1A6D57B8001C4E21 = {
			isa = PBXGroup;
			children = (
				0813D4861A6D801D001C4E21 /* System Frameworks */,
				0813D4661A6D7CE4001C4E21 /* vendor */,
				0813D4391A6D57B8001C4E21 /* Still Here */,
				0813D4381A6D57B8001C4E21 /* Products */,
			);
			sourceTree = "<group>";
		};
		0813D4381A6D57B8001C4E21 /* Products */ = {
			isa = PBXGroup;
			children = (
				0813D4371A6D57B8001C4E21 /* Still Here.app */,
			);
			name = Products;
			sourceTree = "<group>";
		};
		0813D4391A6D57B8001C4E21 /* Still Here */ = {
			isa = PBXGroup;
			children = (
				0813D4871A6D8E07001C4E21 /* Structure.h */,
				0813D4881A6D8E07001C4E21 /* Structure.m */,
				0813D4941A7068A8001C4E21 /* NestStructureManager.m */,
				0813D4951A7068A8001C4E21 /* NestStructureManager.h */,
				0813D4901A706542001C4E21 /* houseMenu@2x.png */,
				0813D4911A706543001C4E21 /* houseMenu.png */,
				0813D43C1A6D57B8001C4E21 /* AppDelegate.h */,
				0813D43D1A6D57B8001C4E21 /* AppDelegate.m */,
				0813D48D1A70521F001C4E21 /* SHANotificationManager.h */,
				0813D48E1A70521F001C4E21 /* SHANotificationManager.m */,
				0813D4631A6D6CB9001C4E21 /* SHANestOperations.h */,
				0813D4641A6D6CB9001C4E21 /* SHANestOperations.m */,
				0813D48A1A6DD9D3001C4E21 /* SHAUsageStatus.h */,
				0813D48B1A6DD9D3001C4E21 /* SHAUsageStatus.m */,
				0813D4601A6D6943001C4E21 /* SHAConstants.h */,
				0813D4611A6D6943001C4E21 /* SHAConstants.m */,
				0813D4441A6D57B8001C4E21 /* Images.xcassets */,
				0813D4461A6D57B8001C4E21 /* Main.storyboard */,
				0813D43A1A6D57B8001C4E21 /* Supporting Files */,
			);
			path = "Still Here";
			sourceTree = "<group>";
		};
		0813D43A1A6D57B8001C4E21 /* Supporting Files */ = {
			isa = PBXGroup;
			children = (
				0813D43B1A6D57B8001C4E21 /* Info.plist */,
				0813D43F1A6D57B8001C4E21 /* main.m */,
				0813D4761A6D7DA8001C4E21 /* PrefixHeader.pch */,
			);
			name = "Supporting Files";
			sourceTree = "<group>";
		};
		0813D4661A6D7CE4001C4E21 /* vendor */ = {
			isa = PBXGroup;
			children = (
				0813D4671A6D7CE9001C4E21 /* NestDK */,
			);
			name = vendor;
			sourceTree = "<group>";
		};
		0813D4671A6D7CE9001C4E21 /* NestDK */ = {
			isa = PBXGroup;
			children = (
				0813D4731A6D7D48001C4E21 /* FirebaseManager.h */,
				0813D4741A6D7D48001C4E21 /* FirebaseManager.m */,
				0813D46E1A6D7D21001C4E21 /* Firebase.framework */,
			);
			name = NestDK;
			sourceTree = "<group>";
		};
		0813D4861A6D801D001C4E21 /* System Frameworks */ = {
			isa = PBXGroup;
			children = (
				0813D4841A6D800F001C4E21 /* libicucore.dylib */,
				0813D47D1A6D7EF9001C4E21 /* SystemConfiguration.framework */,
				0813D4791A6D7EDB001C4E21 /* libc++.dylib */,
				0813D4771A6D7EB1001C4E21 /* CFNetwork.framework */,
			);
			name = "System Frameworks";
			sourceTree = "<group>";
		};
/* End PBXGroup section */

/* Begin PBXNativeTarget section */
		0813D4361A6D57B8001C4E21 /* Still Here */ = {
			isa = PBXNativeTarget;
			buildConfigurationList = 0813D4571A6D57B8001C4E21 /* Build configuration list for PBXNativeTarget "Still Here" */;
			buildPhases = (
				0813D4331A6D57B8001C4E21 /* Sources */,
				0813D4341A6D57B8001C4E21 /* Frameworks */,
				0813D4351A6D57B8001C4E21 /* Resources */,
			);
			buildRules = (
			);
			dependencies = (
			);
			name = "Still Here";
			productName = "Still Here";
			productReference = 0813D4371A6D57B8001C4E21 /* Still Here.app */;
			productType = "com.apple.product-type.application";
		};
/* End PBXNativeTarget section */

/* Begin PBXProject section */
		0813D42F1A6D57B8001C4E21 /* Project object */ = {
			isa = PBXProject;
			attributes = {
				LastUpgradeCheck = 0610;
				ORGANIZATIONNAME = "Greg Fiumara";
				TargetAttributes = {
					0813D4361A6D57B8001C4E21 = {
						CreatedOnToolsVersion = 6.1.1;
					};
				};
			};
			buildConfigurationList = 0813D4321A6D57B8001C4E21 /* Build configuration list for PBXProject "Still Here" */;
			compatibilityVersion = "Xcode 3.2";
			developmentRegion = English;
			hasScannedForEncodings = 0;
			knownRegions = (
				en,
				Base,
			);
			mainGroup = 0813D42E1A6D57B8001C4E21;
			productRefGroup = 0813D4381A6D57B8001C4E21 /* Products */;
			projectDirPath = "";
			projectRoot = "";
			targets = (
				0813D4361A6D57B8001C4E21 /* Still Here */,
			);
		};
/* End PBXProject section */

/* Begin PBXResourcesBuildPhase section */
		0813D4351A6D57B8001C4E21 /* Resources */ = {
			isa = PBXResourcesBuildPhase;
			buildActionMask = 2147483647;
			files = (
				0813D4451A6D57B8001C4E21 /* Images.xcassets in Resources */,
				0813D4931A706543001C4E21 /* houseMenu.png in Resources */,
				0813D4921A706543001C4E21 /* houseMenu@2x.png in Resources */,
				0813D4481A6D57B8001C4E21 /* Main.storyboard in Resources */,
			);
			runOnlyForDeploymentPostprocessing = 0;
		};
/* End PBXResourcesBuildPhase section */

/* Begin PBXSourcesBuildPhase section */
		0813D4331A6D57B8001C4E21 /* Sources */ = {
			isa = PBXSourcesBuildPhase;
			buildActionMask = 2147483647;
			files = (
				0813D4401A6D57B8001C4E21 /* main.m in Sources */,
				0813D43E1A6D57B8001C4E21 /* AppDelegate.m in Sources */,
				0813D4621A6D6943001C4E21 /* SHAConstants.m in Sources */,
				0813D4651A6D6CB9001C4E21 /* SHANestOperations.m in Sources */,
				0813D4751A6D7D48001C4E21 /* FirebaseManager.m in Sources */,
				0813D4891A6D8E07001C4E21 /* Structure.m in Sources */,
				0813D48F1A70521F001C4E21 /* SHANotificationManager.m in Sources */,
				0813D48C1A6DD9D3001C4E21 /* SHAUsageStatus.m in Sources */,
				0813D4961A7068A8001C4E21 /* NestStructureManager.m in Sources */,
			);
			runOnlyForDeploymentPostprocessing = 0;
		};
/* End PBXSourcesBuildPhase section */

/* Begin PBXVariantGroup section */
		0813D4461A6D57B8001C4E21 /* Main.storyboard */ = {
			isa = PBXVariantGroup;
			children = (
				0813D4471A6D57B8001C4E21 /* Base */,
			);
			name = Main.storyboard;
			sourceTree = "<group>";
		};
/* End PBXVariantGroup section */

/* Begin XCBuildConfiguration section */
		0813D4551A6D57B8001C4E21 /* Debug */ = {
			isa = XCBuildConfiguration;
			buildSettings = {
				ALWAYS_SEARCH_USER_PATHS = NO;
				CLANG_CXX_LANGUAGE_STANDARD = "gnu++0x";
				CLANG_CXX_LIBRARY = "libc++";
				CLANG_ENABLE_MODULES = YES;
				CLANG_ENABLE_OBJC_ARC = YES;
				CLANG_WARN_BOOL_CONVERSION = YES;
				CLANG_WARN_CONSTANT_CONVERSION = YES;
				CLANG_WARN_DIRECT_OBJC_ISA_USAGE = YES_ERROR;
				CLANG_WARN_EMPTY_BODY = YES;
				CLANG_WARN_ENUM_CONVERSION = YES;
				CLANG_WARN_INT_CONVERSION = YES;
				CLANG_WARN_OBJC_ROOT_CLASS = YES_ERROR;
				CLANG_WARN_UNREACHABLE_CODE = YES;
				CLANG_WARN__DUPLICATE_METHOD_MATCH = YES;
				CODE_SIGN_IDENTITY = "-";
				COPY_PHASE_STRIP = NO;
				ENABLE_STRICT_OBJC_MSGSEND = YES;
				GCC_C_LANGUAGE_STANDARD = gnu99;
				GCC_DYNAMIC_NO_PIC = NO;
				GCC_OPTIMIZATION_LEVEL = 0;
				GCC_PREPROCESSOR_DEFINITIONS = (
					"DEBUG=1",
					"$(inherited)",
				);
				GCC_SYMBOLS_PRIVATE_EXTERN = NO;
				GCC_WARN_64_TO_32_BIT_CONVERSION = YES;
				GCC_WARN_ABOUT_RETURN_TYPE = YES_ERROR;
				GCC_WARN_UNDECLARED_SELECTOR = YES;
				GCC_WARN_UNINITIALIZED_AUTOS = YES_AGGRESSIVE;
				GCC_WARN_UNUSED_FUNCTION = YES;
				GCC_WARN_UNUSED_VARIABLE = YES;
				MACOSX_DEPLOYMENT_TARGET = 10.10;
				MTL_ENABLE_DEBUG_INFO = YES;
				ONLY_ACTIVE_ARCH = YES;
				SDKROOT = macosx;
			};
			name = Debug;
		};
		0813D4561A6D57B8001C4E21 /* Release */ = {
			isa = XCBuildConfiguration;
			buildSettings = {
				ALWAYS_SEARCH_USER_PATHS = NO;
				CLANG_CXX_LANGUAGE_STANDARD = "gnu++0x";
				CLANG_CXX_LIBRARY = "libc++";
				CLANG_ENABLE_MODULES = YES;
				CLANG_ENABLE_OBJC_ARC = YES;
				CLANG_WARN_BOOL_CONVERSION = YES;
				CLANG_WARN_CONSTANT_CONVERSION = YES;
				CLANG_WARN_DIRECT_OBJC_ISA_USAGE = YES_ERROR;
				CLANG_WARN_EMPTY_BODY = YES;
				CLANG_WARN_ENUM_CONVERSION = YES;
				CLANG_WARN_INT_CONVERSION = YES;
				CLANG_WARN_OBJC_ROOT_CLASS = YES_ERROR;
				CLANG_WARN_UNREACHABLE_CODE = YES;
				CLANG_WARN__DUPLICATE_METHOD_MATCH = YES;
				CODE_SIGN_IDENTITY = "-";
				COPY_PHASE_STRIP = YES;
				DEBUG_INFORMATION_FORMAT = "dwarf-with-dsym";
				ENABLE_NS_ASSERTIONS = NO;
				ENABLE_STRICT_OBJC_MSGSEND = YES;
				GCC_C_LANGUAGE_STANDARD = gnu99;
				GCC_WARN_64_TO_32_BIT_CONVERSION = YES;
				GCC_WARN_ABOUT_RETURN_TYPE = YES_ERROR;
				GCC_WARN_UNDECLARED_SELECTOR = YES;
				GCC_WARN_UNINITIALIZED_AUTOS = YES_AGGRESSIVE;
				GCC_WARN_UNUSED_FUNCTION = YES;
				GCC_WARN_UNUSED_VARIABLE = YES;
				MACOSX_DEPLOYMENT_TARGET = 10.10;
				MTL_ENABLE_DEBUG_INFO = NO;
				SDKROOT = macosx;
			};
			name = Release;
		};
		0813D4581A6D57B8001C4E21 /* Debug */ = {
			isa = XCBuildConfiguration;
			buildSettings = {
				ASSETCATALOG_COMPILER_APPICON_NAME = AppIcon;
				COMBINE_HIDPI_IMAGES = YES;
				FRAMEWORK_SEARCH_PATHS = (
					"$(inherited)",
					"$(PROJECT_DIR)/vendor/NestDK/third_party",
				);
				GCC_PRECOMPILE_PREFIX_HEADER = YES;
				GCC_PREFIX_HEADER = "Still Here/PrefixHeader.pch";
				INFOPLIST_FILE = "Still Here/Info.plist";
				LD_RUNPATH_SEARCH_PATHS = "$(inherited) @executable_path/../Frameworks";
				OTHER_LDFLAGS = "-ObjC";
				PRODUCT_NAME = "$(TARGET_NAME)";
			};
			name = Debug;
		};
		0813D4591A6D57B8001C4E21 /* Release */ = {
			isa = XCBuildConfiguration;
			buildSettings = {
				ASSETCATALOG_COMPILER_APPICON_NAME = AppIcon;
				COMBINE_HIDPI_IMAGES = YES;
				FRAMEWORK_SEARCH_PATHS = (
					"$(inherited)",
					"$(PROJECT_DIR)/vendor/NestDK/third_party",
				);
				GCC_PRECOMPILE_PREFIX_HEADER = YES;
				GCC_PREFIX_HEADER = "Still Here/PrefixHeader.pch";
				INFOPLIST_FILE = "Still Here/Info.plist";
				LD_RUNPATH_SEARCH_PATHS = "$(inherited) @executable_path/../Frameworks";
				OTHER_LDFLAGS = "-ObjC";
				PRODUCT_NAME = "$(TARGET_NAME)";
			};
			name = Release;
		};
/* End XCBuildConfiguration section */

/* Begin XCConfigurationList section */
		0813D4321A6D57B8001C4E21 /* Build configuration list for PBXProject "Still Here" */ = {
			isa = XCConfigurationList;
			buildConfigurations = (
				0813D4551A6D57B8001C4E21 /* Debug */,
				0813D4561A6D57B8001C4E21 /* Release */,
			);
			defaultConfigurationIsVisible = 0;
			defaultConfigurationName = Release;
		};
		0813D4571A6D57B8001C4E21 /* Build configuration list for PBXNativeTarget "Still Here" */ = {
			isa = XCConfigurationList;
			buildConfigurations = (
				0813D4581A6D57B8001C4E21 /* Debug */,
				0813D4591A6D57B8001C4E21 /* Release */,
			);
			defaultConfigurationIsVisible = 0;
			defaultConfigurationName = Release;
		};
/* End XCConfigurationList section */
	};
	rootObject = 0813D42F1A6D57B8001C4E21 /* Project object */;
}
